PODS:
  - FEPopupMenuController (0.0.4)

DEPENDENCIES:
  - FEPopupMenuController (from `../`)

EXTERNAL SOURCES:
  FEPopupMenuController:
    :path: "../"

SPEC CHECKSUMS:
  FEPopupMenuController: 7a5322492ab89a2eaa88909261c49c371ff5d200

PODFILE CHECKSUM: 319986901d1c140b4b3145392ee2beb065467c11

COCOAPODS: 1.1.1
